{
  "name": "ungic-sass-theme",
  "version": "1.0.0",
  "lockfileVersion": 2,
  "requires": true,
  "packages": {
    "": {
      "version": "1.0.0",
      "license": "ISC",
      "dependencies": {
        "ungic-sass-utils": "^1.0.1"
      }
    },
    "node_modules/ungic-sass-utils": {
      "version": "1.0.1",
      "resolved": "https://registry.npmjs.org/ungic-sass-utils/-/ungic-sass-utils-1.0.1.tgz",
      "integrity": "sha512-kl0VAYbxIE92XHEc3BkTdNpkbthZ8t4qGqYXHFFHHoypLLRW3UvR1brcLA4EbMtAcGRRgh7YWFCYAy3QrrVjpQ=="
    }
  },
  "dependencies": {
    "ungic-sass-utils": {
      "version": "1.0.1",
      "resolved": "https://registry.npmjs.org/ungic-sass-utils/-/ungic-sass-utils-1.0.1.tgz",
      "integrity": "sha512-kl0VAYbxIE92XHEc3BkTdNpkbthZ8t4qGqYXHFFHHoypLLRW3UvR1brcLA4EbMtAcGRRgh7YWFCYAy3QrrVjpQ=="
    }
  }
}
